// !$*UTF8*$!
{
	archiveVersion = 1;
	classes = {
	};
	objectVersion = 56;
	objects = {

/* Begin PBXBuildFile section */
		5C0B721B2B2D660F00555AD2 /* Kodchasan-Bold.ttf in Resources */ = {isa = PBXBuildFile; fileRef = 5C0B721A2B2D660F00555AD2 /* Kodchasan-Bold.ttf */; };
		5C1686232B1A218200A20636 /* Buttons.swift in Sources */ = {isa = PBXBuildFile; fileRef = 5C1686222B1A218200A20636 /* Buttons.swift */; };
		5C26583E2B03B430008BEB6D /* HaBuApp.swift in Sources */ = {isa = PBXBuildFile; fileRef = 5C26583D2B03B430008BEB6D /* HaBuApp.swift */; };
		5C2658402B03B430008BEB6D /* ContentView.swift in Sources */ = {isa = PBXBuildFile; fileRef = 5C26583F2B03B430008BEB6D /* ContentView.swift */; };
		5C2658422B03B431008BEB6D /* Assets.xcassets in Resources */ = {isa = PBXBuildFile; fileRef = 5C2658412B03B431008BEB6D /* Assets.xcassets */; };
		5C2658452B03B431008BEB6D /* Preview Assets.xcassets in Resources */ = {isa = PBXBuildFile; fileRef = 5C2658442B03B431008BEB6D /* Preview Assets.xcassets */; };
		5C26585C2B03C4A1008BEB6D /* FeedView.swift in Sources */ = {isa = PBXBuildFile; fileRef = 5C26585B2B03C4A1008BEB6D /* FeedView.swift */; };
		5C2658602B03C51C008BEB6D /* Const.swift in Sources */ = {isa = PBXBuildFile; fileRef = 5C26585F2B03C51C008BEB6D /* Const.swift */; };
		5C2658632B03C53C008BEB6D /* Extencion.swift in Sources */ = {isa = PBXBuildFile; fileRef = 5C2658622B03C53C008BEB6D /* Extencion.swift */; };
		5C2DAB4B2B050D1C00C6E145 /* IrishGrover-Regular.ttf in Resources */ = {isa = PBXBuildFile; fileRef = 5C2DAB4A2B050D1C00C6E145 /* IrishGrover-Regular.ttf */; };
		5C2DAB4F2B050EE800C6E145 /* TabbarView.swift in Sources */ = {isa = PBXBuildFile; fileRef = 5C2DAB4E2B050EE800C6E145 /* TabbarView.swift */; };
		5C2DAB532B050F7900C6E145 /* SerachView.swift in Sources */ = {isa = PBXBuildFile; fileRef = 5C2DAB522B050F7900C6E145 /* SerachView.swift */; };
		5C2DAB572B050FC500C6E145 /* NotificationView.swift in Sources */ = {isa = PBXBuildFile; fileRef = 5C2DAB562B050FC500C6E145 /* NotificationView.swift */; };
		5C2DAB592B05238B00C6E145 /* CommentBottomSheet.swift in Sources */ = {isa = PBXBuildFile; fileRef = 5C2DAB582B05238B00C6E145 /* CommentBottomSheet.swift */; };
		5C2DAB5D2B052AE100C6E145 /* IGTextFieldModifier.swift in Sources */ = {isa = PBXBuildFile; fileRef = 5C2DAB5C2B052AE100C6E145 /* IGTextFieldModifier.swift */; };
		5C4133BD2B04A7AD006F29AF /* FeedViewCell.swift in Sources */ = {isa = PBXBuildFile; fileRef = 5C4133BC2B04A7AD006F29AF /* FeedViewCell.swift */; };
		5C5EB74A2B31CC8E001D2370 /* FirebaseAuth in Frameworks */ = {isa = PBXBuildFile; productRef = 5C5EB7492B31CC8E001D2370 /* FirebaseAuth */; };
		5C5EB7562B31CC8E001D2370 /* FirebaseFirestore in Frameworks */ = {isa = PBXBuildFile; productRef = 5C5EB7552B31CC8E001D2370 /* FirebaseFirestore */; };
		5C5EB75A2B31CC8E001D2370 /* FirebaseFirestoreSwift in Frameworks */ = {isa = PBXBuildFile; productRef = 5C5EB7592B31CC8E001D2370 /* FirebaseFirestoreSwift */; };
		5C5EB7702B31CC8E001D2370 /* FirebaseStorage in Frameworks */ = {isa = PBXBuildFile; productRef = 5C5EB76F2B31CC8E001D2370 /* FirebaseStorage */; };
		5C5EB7742B31CCB7001D2370 /* GoogleService-Info.plist in Resources */ = {isa = PBXBuildFile; fileRef = 5C5EB7732B31CCB7001D2370 /* GoogleService-Info.plist */; };
		5C5EB7772B31CF78001D2370 /* UserService.swift in Sources */ = {isa = PBXBuildFile; fileRef = 5C5EB7762B31CF78001D2370 /* UserService.swift */; };
		5C5EB77B2B31D429001D2370 /* EditProfileViewModel.swift in Sources */ = {isa = PBXBuildFile; fileRef = 5C5EB77A2B31D429001D2370 /* EditProfileViewModel.swift */; };
		5C6F523D2B128CC700D79208 /* CategoryFilterBottomSheet.swift in Sources */ = {isa = PBXBuildFile; fileRef = 5C6F523C2B128CC700D79208 /* CategoryFilterBottomSheet.swift */; };
		5C6F523F2B128CF000D79208 /* TagLayout.swift in Sources */ = {isa = PBXBuildFile; fileRef = 5C6F523E2B128CF000D79208 /* TagLayout.swift */; };
		5C8792DE2B2FB967007D288E /* Toast.swift in Sources */ = {isa = PBXBuildFile; fileRef = 5C8792DD2B2FB967007D288E /* Toast.swift */; };
		5C9420952B061402004F9A17 /* ThreeDRotateFeedViewCell.swift in Sources */ = {isa = PBXBuildFile; fileRef = 5C9420942B061402004F9A17 /* ThreeDRotateFeedViewCell.swift */; };
		5CA6AC4C2B34A4AB00EA294E /* ProfileViewModel.swift in Sources */ = {isa = PBXBuildFile; fileRef = 5CA6AC4B2B34A4AB00EA294E /* ProfileViewModel.swift */; };
		5CB8E8F32B37361B00EC04B3 /* ImageUploader.swift in Sources */ = {isa = PBXBuildFile; fileRef = 5CB8E8F22B37361B00EC04B3 /* ImageUploader.swift */; };
		5CBA01932B135144007F9022 /* OffsetModifier.swift in Sources */ = {isa = PBXBuildFile; fileRef = 5CBA01922B135144007F9022 /* OffsetModifier.swift */; };
		5CD3D3FD2B14CF0F00C4A944 /* SlidableImages.swift in Sources */ = {isa = PBXBuildFile; fileRef = 5CD3D3FC2B14CF0F00C4A944 /* SlidableImages.swift */; };
		5CD5534A2B1CC61E0070F102 /* RankView.swift in Sources */ = {isa = PBXBuildFile; fileRef = 5CD553492B1CC61E0070F102 /* RankView.swift */; };
		5CE5AB9A2B056BDC00502D9F /* ProfileView.swift in Sources */ = {isa = PBXBuildFile; fileRef = 5CE5AB992B056BDC00502D9F /* ProfileView.swift */; };
		5CE5AB9C2B056D3C00502D9F /* UserInfo.swift in Sources */ = {isa = PBXBuildFile; fileRef = 5CE5AB9B2B056D3C00502D9F /* UserInfo.swift */; };
		5CF151962B1EC2000015BE31 /* NavigationStateManager.swift in Sources */ = {isa = PBXBuildFile; fileRef = 5CF151952B1EC2000015BE31 /* NavigationStateManager.swift */; };
		8821E50F2B1DCAFB003089B6 /* SearchBar.swift in Sources */ = {isa = PBXBuildFile; fileRef = 8821E50E2B1DCAFB003089B6 /* SearchBar.swift */; };
		8821E5112B1DDCC1003089B6 /* SearchItem3.swift in Sources */ = {isa = PBXBuildFile; fileRef = 8821E5102B1DDCC1003089B6 /* SearchItem3.swift */; };
		883CD0712B20E03200E0B757 /* FeedBackInput.swift in Sources */ = {isa = PBXBuildFile; fileRef = 883CD0702B20E03200E0B757 /* FeedBackInput.swift */; };
		883CD0732B20E04200E0B757 /* FeedBackSuccess.swift in Sources */ = {isa = PBXBuildFile; fileRef = 883CD0722B20E04100E0B757 /* FeedBackSuccess.swift */; };
		884E8CF92B09F2E7001BADDF /* Notification.swift in Sources */ = {isa = PBXBuildFile; fileRef = 884E8CF82B09F2E7001BADDF /* Notification.swift */; };
		889C25342B03CA4200E6074C /* Commnet.swift in Sources */ = {isa = PBXBuildFile; fileRef = 889C25332B03CA4200E6074C /* Commnet.swift */; };
		88A23C0A2B03B8A80030183A /* Post.swift in Sources */ = {isa = PBXBuildFile; fileRef = 88A23C092B03B8A80030183A /* Post.swift */; };
		88B85B342B06348200D03ED9 /* EditProfileView.swift in Sources */ = {isa = PBXBuildFile; fileRef = 88B85B332B06348200D03ED9 /* EditProfileView.swift */; };
		88D69F562B1B3DB3005BE291 /* SearchItem.swift in Sources */ = {isa = PBXBuildFile; fileRef = 88D69F552B1B3DB3005BE291 /* SearchItem.swift */; };
		88D69F5A2B1B5B63005BE291 /* SecondSearchView.swift in Sources */ = {isa = PBXBuildFile; fileRef = 88D69F592B1B5B63005BE291 /* SecondSearchView.swift */; };
		88D69F5C2B1B5B87005BE291 /* SearchItem2.swift in Sources */ = {isa = PBXBuildFile; fileRef = 88D69F5B2B1B5B87005BE291 /* SearchItem2.swift */; };
		9411AA882B04E9C70042A354 /* CheckBoxView.swift in Sources */ = {isa = PBXBuildFile; fileRef = 9411AA872B04E9C70042A354 /* CheckBoxView.swift */; };
		9411AA8A2B04F4900042A354 /* ImageManager.swift in Sources */ = {isa = PBXBuildFile; fileRef = 9411AA892B04F4900042A354 /* ImageManager.swift */; };
		9411AA8E2B0510F80042A354 /* CustomImage.swift in Sources */ = {isa = PBXBuildFile; fileRef = 9411AA8D2B0510F80042A354 /* CustomImage.swift */; };
		9439A8812B32180B005D0E20 /* LoginViewModal.swift in Sources */ = {isa = PBXBuildFile; fileRef = 9439A8802B32180B005D0E20 /* LoginViewModal.swift */; };
		9439A8832B322F28005D0E20 /* AuthService.swift in Sources */ = {isa = PBXBuildFile; fileRef = 9439A8822B322F28005D0E20 /* AuthService.swift */; };
		9439A8872B3245F4005D0E20 /* RegisterViewModal.swift in Sources */ = {isa = PBXBuildFile; fileRef = 9439A8862B3245F4005D0E20 /* RegisterViewModal.swift */; };
		9439A88E2B32F19F005D0E20 /* BlockedUsersViewModal.swift in Sources */ = {isa = PBXBuildFile; fileRef = 9439A88D2B32F19F005D0E20 /* BlockedUsersViewModal.swift */; };
		943B9CE22B068F0E00067376 /* LikesView.swift in Sources */ = {isa = PBXBuildFile; fileRef = 943B9CE12B068F0E00067376 /* LikesView.swift */; };
		943B9CE42B06912500067376 /* LikesListTile.swift in Sources */ = {isa = PBXBuildFile; fileRef = 943B9CE32B06912500067376 /* LikesListTile.swift */; };
		943FB8E02B0632BA009C55C6 /* ForgotPasswordMailBottomSheet.swift in Sources */ = {isa = PBXBuildFile; fileRef = 943FB8DF2B0632BA009C55C6 /* ForgotPasswordMailBottomSheet.swift */; };
		943FB8E22B063701009C55C6 /* ForgotPasswordCodeBottomSheet.swift in Sources */ = {isa = PBXBuildFile; fileRef = 943FB8E12B063701009C55C6 /* ForgotPasswordCodeBottomSheet.swift */; };
		943FB8E42B06374A009C55C6 /* ForgotPasswordCreatePasswordBottomSheet.swift in Sources */ = {isa = PBXBuildFile; fileRef = 943FB8E32B06374A009C55C6 /* ForgotPasswordCreatePasswordBottomSheet.swift */; };
		9446D3C82B38BA0F0054CFB5 /* LogOutView.swift in Sources */ = {isa = PBXBuildFile; fileRef = 9446D3C72B38BA0F0054CFB5 /* LogOutView.swift */; };
		9446D3CB2B38BA390054CFB5 /* LogOutViewModel.swift in Sources */ = {isa = PBXBuildFile; fileRef = 9446D3CA2B38BA390054CFB5 /* LogOutViewModel.swift */; };
		9446D3D32B38C94E0054CFB5 /* SplashView.swift in Sources */ = {isa = PBXBuildFile; fileRef = 9446D3D22B38C94E0054CFB5 /* SplashView.swift */; };
		944C97A42B1B4240005F8E96 /* AddPostView.swift in Sources */ = {isa = PBXBuildFile; fileRef = 944C97A32B1B4240005F8E96 /* AddPostView.swift */; };
		944CD1592B2BB1530074D99D /* SavedPostView.swift in Sources */ = {isa = PBXBuildFile; fileRef = 944CD1582B2BB1530074D99D /* SavedPostView.swift */; };
		9452D2FA2B1C652F005E2A3B /* DeleteAccountPasswordView.swift in Sources */ = {isa = PBXBuildFile; fileRef = 9452D2F92B1C652F005E2A3B /* DeleteAccountPasswordView.swift */; };
		9452D2FE2B1C724A005E2A3B /* DeleteAccountCodeView.swift in Sources */ = {isa = PBXBuildFile; fileRef = 9452D2FD2B1C724A005E2A3B /* DeleteAccountCodeView.swift */; };
		9452D3002B1C8130005E2A3B /* ChangePasswordView.swift in Sources */ = {isa = PBXBuildFile; fileRef = 9452D2FF2B1C8130005E2A3B /* ChangePasswordView.swift */; };
		9452D3022B1C8970005E2A3B /* ChangePasswordSuccessView.swift in Sources */ = {isa = PBXBuildFile; fileRef = 9452D3012B1C8970005E2A3B /* ChangePasswordSuccessView.swift */; };
		9465F9652B34DE0D00F25235 /* ErrorMessage.swift in Sources */ = {isa = PBXBuildFile; fileRef = 9465F9642B34DE0D00F25235 /* ErrorMessage.swift */; };
		9465F96A2B34E09E00F25235 /* DeleteAccountViewModel.swift in Sources */ = {isa = PBXBuildFile; fileRef = 9465F9692B34E09E00F25235 /* DeleteAccountViewModel.swift */; };
		9465F96F2B34E4B600F25235 /* ChangePasswordViewModel.swift in Sources */ = {isa = PBXBuildFile; fileRef = 9465F96E2B34E4B600F25235 /* ChangePasswordViewModel.swift */; };
		9465F9722B34E5B800F25235 /* LikesViewModel.swift in Sources */ = {isa = PBXBuildFile; fileRef = 9465F9712B34E5B800F25235 /* LikesViewModel.swift */; };
		94686A0F2B3980950089C7CD /* RegisterView.swift in Sources */ = {isa = PBXBuildFile; fileRef = 94686A0E2B3980950089C7CD /* RegisterView.swift */; };
		947079A12B1B8CE40005C4CB /* SettingsView.swift in Sources */ = {isa = PBXBuildFile; fileRef = 947079A02B1B8CE40005C4CB /* SettingsView.swift */; };
		947079A42B1BCE500005C4CB /* AgreementView.swift in Sources */ = {isa = PBXBuildFile; fileRef = 947079A32B1BCE500005C4CB /* AgreementView.swift */; };
		947079A62B1BD1850005C4CB /* CustomSettingsTollBar.swift in Sources */ = {isa = PBXBuildFile; fileRef = 947079A52B1BD1850005C4CB /* CustomSettingsTollBar.swift */; };
		94808CD42B0CE63000CC51FD /* AddImageBottomSheet.swift in Sources */ = {isa = PBXBuildFile; fileRef = 94808CD32B0CE63000CC51FD /* AddImageBottomSheet.swift */; };
		94808CD82B0CE64D00CC51FD /* GenerateImageBox.swift in Sources */ = {isa = PBXBuildFile; fileRef = 94808CD72B0CE64D00CC51FD /* GenerateImageBox.swift */; };
		948338622B1DC0ED006964BB /* TextFields.swift in Sources */ = {isa = PBXBuildFile; fileRef = 948338612B1DC0ED006964BB /* TextFields.swift */; };
		949016E02B041EBD00164405 /* InfoView.swift in Sources */ = {isa = PBXBuildFile; fileRef = 949016DF2B041EBD00164405 /* InfoView.swift */; };
		949016E22B041EF400164405 /* LoginView.swift in Sources */ = {isa = PBXBuildFile; fileRef = 949016E12B041EF400164405 /* LoginView.swift */; };
		94A06ACA2B22124000814CD6 /* RectangleBlurModifier.swift in Sources */ = {isa = PBXBuildFile; fileRef = 94A06AC92B22124000814CD6 /* RectangleBlurModifier.swift */; };
		94BCDEB12B0E2DEF00785CBE /* IconManager.swift in Sources */ = {isa = PBXBuildFile; fileRef = 94BCDEB02B0E2DEF00785CBE /* IconManager.swift */; };
		94BDAD652B07AA1000F66312 /* BlockedUsersView.swift in Sources */ = {isa = PBXBuildFile; fileRef = 94BDAD642B07AA1000F66312 /* BlockedUsersView.swift */; };
		94C617EC2B444BF5009F2A6F /* AddPostViewModel.swift in Sources */ = {isa = PBXBuildFile; fileRef = 94C617EB2B444BF5009F2A6F /* AddPostViewModel.swift */; };
		94C617EE2B44594A009F2A6F /* PostService.swift in Sources */ = {isa = PBXBuildFile; fileRef = 94C617ED2B44594A009F2A6F /* PostService.swift */; };
		94CCABE42B03C7A500DCFB51 /* CircleProfileImage.swift in Sources */ = {isa = PBXBuildFile; fileRef = 94CCABE32B03C7A500DCFB51 /* CircleProfileImage.swift */; };
		94CCABE82B03C8C700DCFB51 /* Kingfisher in Frameworks */ = {isa = PBXBuildFile; productRef = 94CCABE72B03C8C700DCFB51 /* Kingfisher */; };
		94D588E72B03B70C006327A3 /* User.swift in Sources */ = {isa = PBXBuildFile; fileRef = 94D588E62B03B70C006327A3 /* User.swift */; };
/* End PBXBuildFile section */

/* Begin PBXFileReference section */
		5C0B721A2B2D660F00555AD2 /* Kodchasan-Bold.ttf */ = {isa = PBXFileReference; lastKnownFileType = file; path = "Kodchasan-Bold.ttf"; sourceTree = "<group>"; };
		5C1686222B1A218200A20636 /* Buttons.swift */ = {isa = PBXFileReference; lastKnownFileType = sourcecode.swift; path = Buttons.swift; sourceTree = "<group>"; };
		5C26583A2B03B430008BEB6D /* HaBu.app */ = {isa = PBXFileReference; explicitFileType = wrapper.application; includeInIndex = 0; path = HaBu.app; sourceTree = BUILT_PRODUCTS_DIR; };
		5C26583D2B03B430008BEB6D /* HaBuApp.swift */ = {isa = PBXFileReference; lastKnownFileType = sourcecode.swift; path = HaBuApp.swift; sourceTree = "<group>"; };
		5C26583F2B03B430008BEB6D /* ContentView.swift */ = {isa = PBXFileReference; lastKnownFileType = sourcecode.swift; path = ContentView.swift; sourceTree = "<group>"; };
		5C2658412B03B431008BEB6D /* Assets.xcassets */ = {isa = PBXFileReference; lastKnownFileType = folder.assetcatalog; path = Assets.xcassets; sourceTree = "<group>"; };
		5C2658442B03B431008BEB6D /* Preview Assets.xcassets */ = {isa = PBXFileReference; lastKnownFileType = folder.assetcatalog; path = "Preview Assets.xcassets"; sourceTree = "<group>"; };
		5C26585B2B03C4A1008BEB6D /* FeedView.swift */ = {isa = PBXFileReference; lastKnownFileType = sourcecode.swift; path = FeedView.swift; sourceTree = "<group>"; };
		5C26585F2B03C51C008BEB6D /* Const.swift */ = {isa = PBXFileReference; lastKnownFileType = sourcecode.swift; path = Const.swift; sourceTree = "<group>"; };
		5C2658622B03C53C008BEB6D /* Extencion.swift */ = {isa = PBXFileReference; lastKnownFileType = sourcecode.swift; path = Extencion.swift; sourceTree = "<group>"; };
		5C2DAB472B04FE1C00C6E145 /* Info.plist */ = {isa = PBXFileReference; lastKnownFileType = text.plist.xml; path = Info.plist; sourceTree = "<group>"; };
		5C2DAB4A2B050D1C00C6E145 /* IrishGrover-Regular.ttf */ = {isa = PBXFileReference; lastKnownFileType = file; path = "IrishGrover-Regular.ttf"; sourceTree = "<group>"; };
		5C2DAB4E2B050EE800C6E145 /* TabbarView.swift */ = {isa = PBXFileReference; lastKnownFileType = sourcecode.swift; path = TabbarView.swift; sourceTree = "<group>"; };
		5C2DAB522B050F7900C6E145 /* SerachView.swift */ = {isa = PBXFileReference; lastKnownFileType = sourcecode.swift; path = SerachView.swift; sourceTree = "<group>"; };
		5C2DAB562B050FC500C6E145 /* NotificationView.swift */ = {isa = PBXFileReference; lastKnownFileType = sourcecode.swift; path = NotificationView.swift; sourceTree = "<group>"; };
		5C2DAB582B05238B00C6E145 /* CommentBottomSheet.swift */ = {isa = PBXFileReference; lastKnownFileType = sourcecode.swift; path = CommentBottomSheet.swift; sourceTree = "<group>"; };
		5C2DAB5C2B052AE100C6E145 /* IGTextFieldModifier.swift */ = {isa = PBXFileReference; lastKnownFileType = sourcecode.swift; path = IGTextFieldModifier.swift; sourceTree = "<group>"; };
		5C4133BC2B04A7AD006F29AF /* FeedViewCell.swift */ = {isa = PBXFileReference; lastKnownFileType = sourcecode.swift; path = FeedViewCell.swift; sourceTree = "<group>"; };
		5C5EB7732B31CCB7001D2370 /* GoogleService-Info.plist */ = {isa = PBXFileReference; fileEncoding = 4; lastKnownFileType = text.plist.xml; path = "GoogleService-Info.plist"; sourceTree = "<group>"; };
		5C5EB7762B31CF78001D2370 /* UserService.swift */ = {isa = PBXFileReference; lastKnownFileType = sourcecode.swift; path = UserService.swift; sourceTree = "<group>"; };
		5C5EB77A2B31D429001D2370 /* EditProfileViewModel.swift */ = {isa = PBXFileReference; lastKnownFileType = sourcecode.swift; path = EditProfileViewModel.swift; sourceTree = "<group>"; };
		5C6F523C2B128CC700D79208 /* CategoryFilterBottomSheet.swift */ = {isa = PBXFileReference; lastKnownFileType = sourcecode.swift; path = CategoryFilterBottomSheet.swift; sourceTree = "<group>"; };
		5C6F523E2B128CF000D79208 /* TagLayout.swift */ = {isa = PBXFileReference; lastKnownFileType = sourcecode.swift; path = TagLayout.swift; sourceTree = "<group>"; };
		5C8792DD2B2FB967007D288E /* Toast.swift */ = {isa = PBXFileReference; lastKnownFileType = sourcecode.swift; path = Toast.swift; sourceTree = "<group>"; };
		5C9420942B061402004F9A17 /* ThreeDRotateFeedViewCell.swift */ = {isa = PBXFileReference; lastKnownFileType = sourcecode.swift; path = ThreeDRotateFeedViewCell.swift; sourceTree = "<group>"; };
		5CA6AC4B2B34A4AB00EA294E /* ProfileViewModel.swift */ = {isa = PBXFileReference; lastKnownFileType = sourcecode.swift; path = ProfileViewModel.swift; sourceTree = "<group>"; };
		5CB8E8F22B37361B00EC04B3 /* ImageUploader.swift */ = {isa = PBXFileReference; lastKnownFileType = sourcecode.swift; path = ImageUploader.swift; sourceTree = "<group>"; };
		5CBA01922B135144007F9022 /* OffsetModifier.swift */ = {isa = PBXFileReference; lastKnownFileType = sourcecode.swift; path = OffsetModifier.swift; sourceTree = "<group>"; };
		5CD3D3FC2B14CF0F00C4A944 /* SlidableImages.swift */ = {isa = PBXFileReference; lastKnownFileType = sourcecode.swift; path = SlidableImages.swift; sourceTree = "<group>"; };
		5CD553492B1CC61E0070F102 /* RankView.swift */ = {isa = PBXFileReference; lastKnownFileType = sourcecode.swift; path = RankView.swift; sourceTree = "<group>"; };
		5CE5AB992B056BDC00502D9F /* ProfileView.swift */ = {isa = PBXFileReference; lastKnownFileType = sourcecode.swift; path = ProfileView.swift; sourceTree = "<group>"; xcLanguageSpecificationIdentifier = xcode.lang.swift; };
		5CE5AB9B2B056D3C00502D9F /* UserInfo.swift */ = {isa = PBXFileReference; lastKnownFileType = sourcecode.swift; path = UserInfo.swift; sourceTree = "<group>"; };
		5CF151952B1EC2000015BE31 /* NavigationStateManager.swift */ = {isa = PBXFileReference; lastKnownFileType = sourcecode.swift; path = NavigationStateManager.swift; sourceTree = "<group>"; };
		8821E50E2B1DCAFB003089B6 /* SearchBar.swift */ = {isa = PBXFileReference; lastKnownFileType = sourcecode.swift; path = SearchBar.swift; sourceTree = "<group>"; };
		8821E5102B1DDCC1003089B6 /* SearchItem3.swift */ = {isa = PBXFileReference; lastKnownFileType = sourcecode.swift; path = SearchItem3.swift; sourceTree = "<group>"; };
		883CD0702B20E03200E0B757 /* FeedBackInput.swift */ = {isa = PBXFileReference; lastKnownFileType = sourcecode.swift; path = FeedBackInput.swift; sourceTree = "<group>"; };
		883CD0722B20E04100E0B757 /* FeedBackSuccess.swift */ = {isa = PBXFileReference; lastKnownFileType = sourcecode.swift; path = FeedBackSuccess.swift; sourceTree = "<group>"; };
		884E8CF82B09F2E7001BADDF /* Notification.swift */ = {isa = PBXFileReference; lastKnownFileType = sourcecode.swift; path = Notification.swift; sourceTree = "<group>"; };
		889C25332B03CA4200E6074C /* Commnet.swift */ = {isa = PBXFileReference; lastKnownFileType = sourcecode.swift; path = Commnet.swift; sourceTree = "<group>"; };
		88A23C092B03B8A80030183A /* Post.swift */ = {isa = PBXFileReference; lastKnownFileType = sourcecode.swift; path = Post.swift; sourceTree = "<group>"; };
		88B85B332B06348200D03ED9 /* EditProfileView.swift */ = {isa = PBXFileReference; lastKnownFileType = sourcecode.swift; path = EditProfileView.swift; sourceTree = "<group>"; };
		88D69F552B1B3DB3005BE291 /* SearchItem.swift */ = {isa = PBXFileReference; lastKnownFileType = sourcecode.swift; path = SearchItem.swift; sourceTree = "<group>"; };
		88D69F592B1B5B63005BE291 /* SecondSearchView.swift */ = {isa = PBXFileReference; lastKnownFileType = sourcecode.swift; path = SecondSearchView.swift; sourceTree = "<group>"; };
		88D69F5B2B1B5B87005BE291 /* SearchItem2.swift */ = {isa = PBXFileReference; lastKnownFileType = sourcecode.swift; path = SearchItem2.swift; sourceTree = "<group>"; };
		9411AA872B04E9C70042A354 /* CheckBoxView.swift */ = {isa = PBXFileReference; lastKnownFileType = sourcecode.swift; path = CheckBoxView.swift; sourceTree = "<group>"; };
		9411AA892B04F4900042A354 /* ImageManager.swift */ = {isa = PBXFileReference; lastKnownFileType = sourcecode.swift; path = ImageManager.swift; sourceTree = "<group>"; };
		9411AA8D2B0510F80042A354 /* CustomImage.swift */ = {isa = PBXFileReference; lastKnownFileType = sourcecode.swift; path = CustomImage.swift; sourceTree = "<group>"; };
		9439A8802B32180B005D0E20 /* LoginViewModal.swift */ = {isa = PBXFileReference; lastKnownFileType = sourcecode.swift; path = LoginViewModal.swift; sourceTree = "<group>"; };
		9439A8822B322F28005D0E20 /* AuthService.swift */ = {isa = PBXFileReference; lastKnownFileType = sourcecode.swift; path = AuthService.swift; sourceTree = "<group>"; };
		9439A8862B3245F4005D0E20 /* RegisterViewModal.swift */ = {isa = PBXFileReference; lastKnownFileType = sourcecode.swift; path = RegisterViewModal.swift; sourceTree = "<group>"; };
		9439A88D2B32F19F005D0E20 /* BlockedUsersViewModal.swift */ = {isa = PBXFileReference; lastKnownFileType = sourcecode.swift; path = BlockedUsersViewModal.swift; sourceTree = "<group>"; };
		943B9CE12B068F0E00067376 /* LikesView.swift */ = {isa = PBXFileReference; lastKnownFileType = sourcecode.swift; path = LikesView.swift; sourceTree = "<group>"; };
		943B9CE32B06912500067376 /* LikesListTile.swift */ = {isa = PBXFileReference; lastKnownFileType = sourcecode.swift; path = LikesListTile.swift; sourceTree = "<group>"; };
		943FB8DF2B0632BA009C55C6 /* ForgotPasswordMailBottomSheet.swift */ = {isa = PBXFileReference; lastKnownFileType = sourcecode.swift; path = ForgotPasswordMailBottomSheet.swift; sourceTree = "<group>"; };
		943FB8E12B063701009C55C6 /* ForgotPasswordCodeBottomSheet.swift */ = {isa = PBXFileReference; lastKnownFileType = sourcecode.swift; path = ForgotPasswordCodeBottomSheet.swift; sourceTree = "<group>"; };
		943FB8E32B06374A009C55C6 /* ForgotPasswordCreatePasswordBottomSheet.swift */ = {isa = PBXFileReference; lastKnownFileType = sourcecode.swift; path = ForgotPasswordCreatePasswordBottomSheet.swift; sourceTree = "<group>"; };
		9446D3C72B38BA0F0054CFB5 /* LogOutView.swift */ = {isa = PBXFileReference; lastKnownFileType = sourcecode.swift; path = LogOutView.swift; sourceTree = "<group>"; };
		9446D3CA2B38BA390054CFB5 /* LogOutViewModel.swift */ = {isa = PBXFileReference; lastKnownFileType = sourcecode.swift; path = LogOutViewModel.swift; sourceTree = "<group>"; };
		9446D3D22B38C94E0054CFB5 /* SplashView.swift */ = {isa = PBXFileReference; lastKnownFileType = sourcecode.swift; path = SplashView.swift; sourceTree = "<group>"; };
		944C97A32B1B4240005F8E96 /* AddPostView.swift */ = {isa = PBXFileReference; lastKnownFileType = sourcecode.swift; path = AddPostView.swift; sourceTree = "<group>"; };
		944CD1582B2BB1530074D99D /* SavedPostView.swift */ = {isa = PBXFileReference; lastKnownFileType = sourcecode.swift; path = SavedPostView.swift; sourceTree = "<group>"; };
		9452D2F92B1C652F005E2A3B /* DeleteAccountPasswordView.swift */ = {isa = PBXFileReference; lastKnownFileType = sourcecode.swift; path = DeleteAccountPasswordView.swift; sourceTree = "<group>"; };
		9452D2FD2B1C724A005E2A3B /* DeleteAccountCodeView.swift */ = {isa = PBXFileReference; lastKnownFileType = sourcecode.swift; path = DeleteAccountCodeView.swift; sourceTree = "<group>"; };
		9452D2FF2B1C8130005E2A3B /* ChangePasswordView.swift */ = {isa = PBXFileReference; lastKnownFileType = sourcecode.swift; path = ChangePasswordView.swift; sourceTree = "<group>"; };
		9452D3012B1C8970005E2A3B /* ChangePasswordSuccessView.swift */ = {isa = PBXFileReference; lastKnownFileType = sourcecode.swift; path = ChangePasswordSuccessView.swift; sourceTree = "<group>"; };
		9465F9642B34DE0D00F25235 /* ErrorMessage.swift */ = {isa = PBXFileReference; lastKnownFileType = sourcecode.swift; path = ErrorMessage.swift; sourceTree = "<group>"; };
		9465F9692B34E09E00F25235 /* DeleteAccountViewModel.swift */ = {isa = PBXFileReference; lastKnownFileType = sourcecode.swift; path = DeleteAccountViewModel.swift; sourceTree = "<group>"; };
		9465F96E2B34E4B600F25235 /* ChangePasswordViewModel.swift */ = {isa = PBXFileReference; lastKnownFileType = sourcecode.swift; path = ChangePasswordViewModel.swift; sourceTree = "<group>"; };
		9465F9712B34E5B800F25235 /* LikesViewModel.swift */ = {isa = PBXFileReference; lastKnownFileType = sourcecode.swift; path = LikesViewModel.swift; sourceTree = "<group>"; };
		94686A0E2B3980950089C7CD /* RegisterView.swift */ = {isa = PBXFileReference; lastKnownFileType = sourcecode.swift; path = RegisterView.swift; sourceTree = "<group>"; };
		947079A02B1B8CE40005C4CB /* SettingsView.swift */ = {isa = PBXFileReference; lastKnownFileType = sourcecode.swift; path = SettingsView.swift; sourceTree = "<group>"; };
		947079A32B1BCE500005C4CB /* AgreementView.swift */ = {isa = PBXFileReference; lastKnownFileType = sourcecode.swift; path = AgreementView.swift; sourceTree = "<group>"; };
		947079A52B1BD1850005C4CB /* CustomSettingsTollBar.swift */ = {isa = PBXFileReference; lastKnownFileType = sourcecode.swift; path = CustomSettingsTollBar.swift; sourceTree = "<group>"; };
		94808CD32B0CE63000CC51FD /* AddImageBottomSheet.swift */ = {isa = PBXFileReference; lastKnownFileType = sourcecode.swift; path = AddImageBottomSheet.swift; sourceTree = "<group>"; };
		94808CD72B0CE64D00CC51FD /* GenerateImageBox.swift */ = {isa = PBXFileReference; lastKnownFileType = sourcecode.swift; path = GenerateImageBox.swift; sourceTree = "<group>"; };
		948338612B1DC0ED006964BB /* TextFields.swift */ = {isa = PBXFileReference; lastKnownFileType = sourcecode.swift; path = TextFields.swift; sourceTree = "<group>"; };
		949016DF2B041EBD00164405 /* InfoView.swift */ = {isa = PBXFileReference; lastKnownFileType = sourcecode.swift; path = InfoView.swift; sourceTree = "<group>"; };
		949016E12B041EF400164405 /* LoginView.swift */ = {isa = PBXFileReference; lastKnownFileType = sourcecode.swift; path = LoginView.swift; sourceTree = "<group>"; };
		94A06AC92B22124000814CD6 /* RectangleBlurModifier.swift */ = {isa = PBXFileReference; lastKnownFileType = sourcecode.swift; path = RectangleBlurModifier.swift; sourceTree = "<group>"; };
		94BCDEB02B0E2DEF00785CBE /* IconManager.swift */ = {isa = PBXFileReference; lastKnownFileType = sourcecode.swift; path = IconManager.swift; sourceTree = "<group>"; };
		94BDAD642B07AA1000F66312 /* BlockedUsersView.swift */ = {isa = PBXFileReference; lastKnownFileType = sourcecode.swift; path = BlockedUsersView.swift; sourceTree = "<group>"; };
		94C617EB2B444BF5009F2A6F /* AddPostViewModel.swift */ = {isa = PBXFileReference; lastKnownFileType = sourcecode.swift; path = AddPostViewModel.swift; sourceTree = "<group>"; };
		94C617ED2B44594A009F2A6F /* PostService.swift */ = {isa = PBXFileReference; lastKnownFileType = sourcecode.swift; path = PostService.swift; sourceTree = "<group>"; };
		94CCABE32B03C7A500DCFB51 /* CircleProfileImage.swift */ = {isa = PBXFileReference; lastKnownFileType = sourcecode.swift; path = CircleProfileImage.swift; sourceTree = "<group>"; };
		94D588E62B03B70C006327A3 /* User.swift */ = {isa = PBXFileReference; lastKnownFileType = sourcecode.swift; path = User.swift; sourceTree = "<group>"; };
/* End PBXFileReference section */

/* Begin PBXFrameworksBuildPhase section */
		5C2658372B03B430008BEB6D /* Frameworks */ = {
			isa = PBXFrameworksBuildPhase;
			buildActionMask = 2147483647;
			files = (
				5C5EB75A2B31CC8E001D2370 /* FirebaseFirestoreSwift in Frameworks */,
				5C5EB7702B31CC8E001D2370 /* FirebaseStorage in Frameworks */,
				94CCABE82B03C8C700DCFB51 /* Kingfisher in Frameworks */,
				5C5EB74A2B31CC8E001D2370 /* FirebaseAuth in Frameworks */,
				5C5EB7562B31CC8E001D2370 /* FirebaseFirestore in Frameworks */,
			);
			runOnlyForDeploymentPostprocessing = 0;
		};
/* End PBXFrameworksBuildPhase section */

/* Begin PBXGroup section */
		5C2658312B03B430008BEB6D = {
			isa = PBXGroup;
			children = (
				5C26583C2B03B430008BEB6D /* HaBu */,
				5C26583B2B03B430008BEB6D /* Products */,
			);
			sourceTree = "<group>";
		};
		5C26583B2B03B430008BEB6D /* Products */ = {
			isa = PBXGroup;
			children = (
				5C26583A2B03B430008BEB6D /* HaBu.app */,
			);
			name = Products;
			sourceTree = "<group>";
		};
		5C26583C2B03B430008BEB6D /* HaBu */ = {
			isa = PBXGroup;
			children = (
				5C5EB7752B31CF67001D2370 /* Service */,
				5C2DAB492B050CFD00C6E145 /* Fonts */,
				5C2DAB472B04FE1C00C6E145 /* Info.plist */,
				5C2658612B03C532008BEB6D /* Extencion */,
				5C26585D2B03C50C008BEB6D /* App */,
				5C2658582B03C451008BEB6D /* Core */,
				94D588E52B03B6FD006327A3 /* Model */,
				5C2658412B03B431008BEB6D /* Assets.xcassets */,
				5C26583F2B03B430008BEB6D /* ContentView.swift */,
				5C26583D2B03B430008BEB6D /* HaBuApp.swift */,
				5C5EB7732B31CCB7001D2370 /* GoogleService-Info.plist */,
				5C2658432B03B431008BEB6D /* Preview Content */,
			);
			path = HaBu;
			sourceTree = "<group>";
		};
		5C2658432B03B431008BEB6D /* Preview Content */ = {
			isa = PBXGroup;
			children = (
				5C2658442B03B431008BEB6D /* Preview Assets.xcassets */,
			);
			path = "Preview Content";
			sourceTree = "<group>";
		};
		5C2658582B03C451008BEB6D /* Core */ = {
			isa = PBXGroup;
			children = (
				9446D3CF2B38C9240054CFB5 /* Splash */,
				9470799E2B1B8C680005C4CB /* Settings */,
				94808CCF2B0CE5CA00CC51FD /* AddPost */,
				943B9CDF2B068EC700067376 /* Likes */,
				5C2DAB542B050FB100C6E145 /* Notification */,
				5C2DAB502B050F6100C6E145 /* Serach */,
				5C2DAB4C2B050EC700C6E145 /* Tabbar */,
				88A44A982B04FAE700F47BF8 /* Profile */,
				949016D32B04189C00164405 /* Authentication */,
				94CCABE52B03C7AD00DCFB51 /* Components */,
				5C2658592B03C45C008BEB6D /* Feed */,
			);
			path = Core;
			sourceTree = "<group>";
		};
		5C2658592B03C45C008BEB6D /* Feed */ = {
			isa = PBXGroup;
			children = (
				5C26585B2B03C4A1008BEB6D /* FeedView.swift */,
				5C4133BC2B04A7AD006F29AF /* FeedViewCell.swift */,
				5C2DAB582B05238B00C6E145 /* CommentBottomSheet.swift */,
				5C9420942B061402004F9A17 /* ThreeDRotateFeedViewCell.swift */,
			);
			path = Feed;
			sourceTree = "<group>";
		};
		5C26585A2B03C45F008BEB6D /* View */ = {
			isa = PBXGroup;
			children = (
				9411AA8D2B0510F80042A354 /* CustomImage.swift */,
				9411AA872B04E9C70042A354 /* CheckBoxView.swift */,
				94CCABE32B03C7A500DCFB51 /* CircleProfileImage.swift */,
				5CE5AB9B2B056D3C00502D9F /* UserInfo.swift */,
				5C8792DD2B2FB967007D288E /* Toast.swift */,
			);
			path = View;
			sourceTree = "<group>";
		};
		5C26585D2B03C50C008BEB6D /* App */ = {
			isa = PBXGroup;
			children = (
				5C26585E2B03C50F008BEB6D /* Const */,
			);
			path = App;
			sourceTree = "<group>";
		};
		5C26585E2B03C50F008BEB6D /* Const */ = {
			isa = PBXGroup;
			children = (
				5C26585F2B03C51C008BEB6D /* Const.swift */,
				9411AA892B04F4900042A354 /* ImageManager.swift */,
				94BCDEB02B0E2DEF00785CBE /* IconManager.swift */,
				9465F9642B34DE0D00F25235 /* ErrorMessage.swift */,
			);
			path = Const;
			sourceTree = "<group>";
		};
		5C2658612B03C532008BEB6D /* Extencion */ = {
			isa = PBXGroup;
			children = (
				5C2658622B03C53C008BEB6D /* Extencion.swift */,
			);
			path = Extencion;
			sourceTree = "<group>";
		};
		5C2DAB492B050CFD00C6E145 /* Fonts */ = {
			isa = PBXGroup;
			children = (
				5C0B721A2B2D660F00555AD2 /* Kodchasan-Bold.ttf */,
				5C2DAB4A2B050D1C00C6E145 /* IrishGrover-Regular.ttf */,
			);
			path = Fonts;
			sourceTree = "<group>";
		};
		5C2DAB4C2B050EC700C6E145 /* Tabbar */ = {
			isa = PBXGroup;
			children = (
				5CF151942B1EC1EC0015BE31 /* ViewModel */,
				5C2DAB4D2B050EDD00C6E145 /* View */,
			);
			path = Tabbar;
			sourceTree = "<group>";
		};
		5C2DAB4D2B050EDD00C6E145 /* View */ = {
			isa = PBXGroup;
			children = (
				5C2DAB4E2B050EE800C6E145 /* TabbarView.swift */,
			);
			path = View;
			sourceTree = "<group>";
		};
		5C2DAB502B050F6100C6E145 /* Serach */ = {
			isa = PBXGroup;
			children = (
				8821E50D2B1DCAE3003089B6 /* SearchBar */,
				8821E50A2B1DA619003089B6 /* Item */,
				5C2DAB512B050F6C00C6E145 /* View */,
			);
			path = Serach;
			sourceTree = "<group>";
		};
		5C2DAB512B050F6C00C6E145 /* View */ = {
			isa = PBXGroup;
			children = (
				5C2DAB522B050F7900C6E145 /* SerachView.swift */,
				88D69F592B1B5B63005BE291 /* SecondSearchView.swift */,
			);
			path = View;
			sourceTree = "<group>";
		};
		5C2DAB542B050FB100C6E145 /* Notification */ = {
			isa = PBXGroup;
			children = (
				5C2DAB552B050FB800C6E145 /* View */,
			);
			path = Notification;
			sourceTree = "<group>";
		};
		5C2DAB552B050FB800C6E145 /* View */ = {
			isa = PBXGroup;
			children = (
				5C2DAB562B050FC500C6E145 /* NotificationView.swift */,
			);
			path = View;
			sourceTree = "<group>";
		};
		5C5EB7752B31CF67001D2370 /* Service */ = {
			isa = PBXGroup;
			children = (
				5C5EB7762B31CF78001D2370 /* UserService.swift */,
				9439A8822B322F28005D0E20 /* AuthService.swift */,
				5CB8E8F22B37361B00EC04B3 /* ImageUploader.swift */,
				94C617ED2B44594A009F2A6F /* PostService.swift */,
			);
			path = Service;
			sourceTree = "<group>";
		};
		5C5EB7782B31D406001D2370 /* View */ = {
			isa = PBXGroup;
			children = (
				88B85B332B06348200D03ED9 /* EditProfileView.swift */,
			);
			path = View;
			sourceTree = "<group>";
		};
		5C5EB7792B31D40F001D2370 /* ViewModel */ = {
			isa = PBXGroup;
			children = (
				5C5EB77A2B31D429001D2370 /* EditProfileViewModel.swift */,
			);
			path = ViewModel;
			sourceTree = "<group>";
		};
		5C6F523B2B128CB400D79208 /* CategoryFilter */ = {
			isa = PBXGroup;
			children = (
				5C6F523C2B128CC700D79208 /* CategoryFilterBottomSheet.swift */,
				5C6F523E2B128CF000D79208 /* TagLayout.swift */,
			);
			path = CategoryFilter;
			sourceTree = "<group>";
		};
		5CA6AC4A2B34A49D00EA294E /* ViewModel */ = {
			isa = PBXGroup;
			children = (
				5CA6AC4B2B34A4AB00EA294E /* ProfileViewModel.swift */,
			);
			path = ViewModel;
			sourceTree = "<group>";
		};
		5CF151942B1EC1EC0015BE31 /* ViewModel */ = {
			isa = PBXGroup;
			children = (
				5CF151952B1EC2000015BE31 /* NavigationStateManager.swift */,
			);
			path = ViewModel;
			sourceTree = "<group>";
		};
		8821E50A2B1DA619003089B6 /* Item */ = {
			isa = PBXGroup;
			children = (
				88D69F552B1B3DB3005BE291 /* SearchItem.swift */,
				88D69F5B2B1B5B87005BE291 /* SearchItem2.swift */,
				8821E5102B1DDCC1003089B6 /* SearchItem3.swift */,
			);
			path = Item;
			sourceTree = "<group>";
		};
		8821E50D2B1DCAE3003089B6 /* SearchBar */ = {
			isa = PBXGroup;
			children = (
				8821E50E2B1DCAFB003089B6 /* SearchBar.swift */,
			);
			path = SearchBar;
			sourceTree = "<group>";
		};
		883CD06F2B20E01500E0B757 /* FeedBack */ = {
			isa = PBXGroup;
			children = (
				883CD0702B20E03200E0B757 /* FeedBackInput.swift */,
				883CD0722B20E04100E0B757 /* FeedBackSuccess.swift */,
			);
			path = FeedBack;
			sourceTree = "<group>";
		};
		88A44A982B04FAE700F47BF8 /* Profile */ = {
			isa = PBXGroup;
			children = (
				5CA6AC4A2B34A49D00EA294E /* ViewModel */,
				88A44A992B04FAFC00F47BF8 /* View */,
			);
			path = Profile;
			sourceTree = "<group>";
		};
		88A44A992B04FAFC00F47BF8 /* View */ = {
			isa = PBXGroup;
			children = (
				5CE5AB992B056BDC00502D9F /* ProfileView.swift */,
				5CD3D3FC2B14CF0F00C4A944 /* SlidableImages.swift */,
			);
			path = View;
			sourceTree = "<group>";
		};
		9439A87E2B3217E9005D0E20 /* View */ = {
			isa = PBXGroup;
			children = (
				949016E12B041EF400164405 /* LoginView.swift */,
				943B9CE52B0699F400067376 /* BottomSheet */,
			);
			path = View;
			sourceTree = "<group>";
		};
		9439A87F2B3217F3005D0E20 /* ViewModal */ = {
			isa = PBXGroup;
			children = (
				9439A8802B32180B005D0E20 /* LoginViewModal.swift */,
			);
			path = ViewModal;
			sourceTree = "<group>";
		};
		9439A8842B3245C0005D0E20 /* View */ = {
			isa = PBXGroup;
			children = (
				94686A0E2B3980950089C7CD /* RegisterView.swift */,
			);
			path = View;
			sourceTree = "<group>";
		};
		9439A8852B3245C6005D0E20 /* ViewModal */ = {
			isa = PBXGroup;
			children = (
				9439A8862B3245F4005D0E20 /* RegisterViewModal.swift */,
			);
			path = ViewModal;
			sourceTree = "<group>";
		};
		9439A8882B32F137005D0E20 /* View */ = {
			isa = PBXGroup;
			children = (
				944CD1582B2BB1530074D99D /* SavedPostView.swift */,
			);
			path = View;
			sourceTree = "<group>";
		};
		9439A88A2B32F164005D0E20 /* View */ = {
			isa = PBXGroup;
			children = (
				94BDAD642B07AA1000F66312 /* BlockedUsersView.swift */,
			);
			path = View;
			sourceTree = "<group>";
		};
		9439A88B2B32F16A005D0E20 /* ViewModal */ = {
			isa = PBXGroup;
			children = (
				9439A88D2B32F19F005D0E20 /* BlockedUsersViewModal.swift */,
			);
			path = ViewModal;
			sourceTree = "<group>";
		};
		943B9CDF2B068EC700067376 /* Likes */ = {
			isa = PBXGroup;
			children = (
				9465F9702B34E5A200F25235 /* ViewModel */,
				943B9CE02B068EEC00067376 /* View */,
			);
			path = Likes;
			sourceTree = "<group>";
		};
		943B9CE02B068EEC00067376 /* View */ = {
			isa = PBXGroup;
			children = (
				943B9CE12B068F0E00067376 /* LikesView.swift */,
				943B9CE32B06912500067376 /* LikesListTile.swift */,
			);
			path = View;
			sourceTree = "<group>";
		};
		943B9CE52B0699F400067376 /* BottomSheet */ = {
			isa = PBXGroup;
			children = (
				943FB8DF2B0632BA009C55C6 /* ForgotPasswordMailBottomSheet.swift */,
				943FB8E12B063701009C55C6 /* ForgotPasswordCodeBottomSheet.swift */,
				943FB8E32B06374A009C55C6 /* ForgotPasswordCreatePasswordBottomSheet.swift */,
			);
			path = BottomSheet;
			sourceTree = "<group>";
		};
		943FB8DC2B06328F009C55C6 /* Login */ = {
			isa = PBXGroup;
			children = (
				9439A87F2B3217F3005D0E20 /* ViewModal */,
				9439A87E2B3217E9005D0E20 /* View */,
			);
			path = Login;
			sourceTree = "<group>";
		};
		943FB8DD2B063295009C55C6 /* Register */ = {
			isa = PBXGroup;
			children = (
				9439A8852B3245C6005D0E20 /* ViewModal */,
				9439A8842B3245C0005D0E20 /* View */,
			);
			path = Register;
			sourceTree = "<group>";
		};
		9446D3C62B38B9F10054CFB5 /* LogOut */ = {
			isa = PBXGroup;
			children = (
				94C016C62B3CA266000A0FAE /* ViewModel */,
				94C016C52B3CA25E000A0FAE /* View */,
			);
			path = LogOut;
			sourceTree = "<group>";
		};
		9446D3CF2B38C9240054CFB5 /* Splash */ = {
			isa = PBXGroup;
			children = (
				9446D3D22B38C94E0054CFB5 /* SplashView.swift */,
			);
			path = Splash;
			sourceTree = "<group>";
		};
		944CD1572B2BB1310074D99D /* SavedPost */ = {
			isa = PBXGroup;
			children = (
				9439A8882B32F137005D0E20 /* View */,
			);
			path = SavedPost;
			sourceTree = "<group>";
		};
		9465F9672B34E05D00F25235 /* View */ = {
			isa = PBXGroup;
			children = (
				9452D2F92B1C652F005E2A3B /* DeleteAccountPasswordView.swift */,
				9452D2FD2B1C724A005E2A3B /* DeleteAccountCodeView.swift */,
			);
			path = View;
			sourceTree = "<group>";
		};
		9465F9682B34E06200F25235 /* ViewModel */ = {
			isa = PBXGroup;
			children = (
				9465F9692B34E09E00F25235 /* DeleteAccountViewModel.swift */,
			);
			path = ViewModel;
			sourceTree = "<group>";
		};
		9465F96B2B34E47400F25235 /* View */ = {
			isa = PBXGroup;
			children = (
				9452D3012B1C8970005E2A3B /* ChangePasswordSuccessView.swift */,
				9452D2FF2B1C8130005E2A3B /* ChangePasswordView.swift */,
			);
			path = View;
			sourceTree = "<group>";
		};
		9465F96C2B34E47D00F25235 /* ViewModel */ = {
			isa = PBXGroup;
			children = (
				9465F96E2B34E4B600F25235 /* ChangePasswordViewModel.swift */,
			);
			path = ViewModel;
			sourceTree = "<group>";
		};
		9465F9702B34E5A200F25235 /* ViewModel */ = {
			isa = PBXGroup;
			children = (
				9465F9712B34E5B800F25235 /* LikesViewModel.swift */,
			);
			path = ViewModel;
			sourceTree = "<group>";
		};
		946DC96F2B1F075D00AD809D /* StructuredView */ = {
			isa = PBXGroup;
			children = (
				5C1686222B1A218200A20636 /* Buttons.swift */,
				948338612B1DC0ED006964BB /* TextFields.swift */,
			);
			path = StructuredView;
			sourceTree = "<group>";
		};
		9470799E2B1B8C680005C4CB /* Settings */ = {
			isa = PBXGroup;
			children = (
				947079A52B1BD1850005C4CB /* CustomSettingsTollBar.swift */,
				947079A02B1B8CE40005C4CB /* SettingsView.swift */,
				947079A22B1BCE230005C4CB /* Agreement */,
				947079A82B1BD4060005C4CB /* ChangePassword */,
				947079A92B1BD4360005C4CB /* DeleteAccount */,
				9483385D2B1DB109006964BB /* BlockedUsers */,
				9483385E2B1DB159006964BB /* Rank */,
				883CD06F2B20E01500E0B757 /* FeedBack */,
				9446D3C62B38B9F10054CFB5 /* LogOut */,
				944CD1572B2BB1310074D99D /* SavedPost */,
				949505CF2B27E7B000C37CC7 /* EditProfile */,
			);
			path = Settings;
			sourceTree = "<group>";
		};
		947079A22B1BCE230005C4CB /* Agreement */ = {
			isa = PBXGroup;
			children = (
				947079A32B1BCE500005C4CB /* AgreementView.swift */,
			);
			path = Agreement;
			sourceTree = "<group>";
		};
		947079A82B1BD4060005C4CB /* ChangePassword */ = {
			isa = PBXGroup;
			children = (
				9465F96C2B34E47D00F25235 /* ViewModel */,
				9465F96B2B34E47400F25235 /* View */,
			);
			path = ChangePassword;
			sourceTree = "<group>";
		};
		947079A92B1BD4360005C4CB /* DeleteAccount */ = {
			isa = PBXGroup;
			children = (
				9465F9682B34E06200F25235 /* ViewModel */,
				9465F9672B34E05D00F25235 /* View */,
			);
			path = DeleteAccount;
			sourceTree = "<group>";
		};
		94808CCF2B0CE5CA00CC51FD /* AddPost */ = {
			isa = PBXGroup;
			children = (
				94C617EA2B444BDF009F2A6F /* ViewModel */,
				94808CD02B0CE5E400CC51FD /* View */,
			);
			path = AddPost;
			sourceTree = "<group>";
		};
		94808CD02B0CE5E400CC51FD /* View */ = {
			isa = PBXGroup;
			children = (
				944C97A32B1B4240005F8E96 /* AddPostView.swift */,
				94808CD72B0CE64D00CC51FD /* GenerateImageBox.swift */,
				94808CD32B0CE63000CC51FD /* AddImageBottomSheet.swift */,
			);
			path = View;
			sourceTree = "<group>";
		};
		9483385D2B1DB109006964BB /* BlockedUsers */ = {
			isa = PBXGroup;
			children = (
				9439A88B2B32F16A005D0E20 /* ViewModal */,
				9439A88A2B32F164005D0E20 /* View */,
			);
			path = BlockedUsers;
			sourceTree = "<group>";
		};
		9483385E2B1DB159006964BB /* Rank */ = {
			isa = PBXGroup;
			children = (
				5CD553492B1CC61E0070F102 /* RankView.swift */,
			);
			path = Rank;
			sourceTree = "<group>";
		};
		949016D32B04189C00164405 /* Authentication */ = {
			isa = PBXGroup;
			children = (
				949016DF2B041EBD00164405 /* InfoView.swift */,
				943FB8DC2B06328F009C55C6 /* Login */,
				943FB8DD2B063295009C55C6 /* Register */,
			);
			path = Authentication;
			sourceTree = "<group>";
		};
		949505CF2B27E7B000C37CC7 /* EditProfile */ = {
			isa = PBXGroup;
			children = (
				5C5EB7792B31D40F001D2370 /* ViewModel */,
				5C5EB7782B31D406001D2370 /* View */,
			);
			path = EditProfile;
			sourceTree = "<group>";
		};
		94A06AC82B22059400814CD6 /* Modifiers */ = {
			isa = PBXGroup;
			children = (
				5C2DAB5C2B052AE100C6E145 /* IGTextFieldModifier.swift */,
				94A06AC92B22124000814CD6 /* RectangleBlurModifier.swift */,
				5CBA01922B135144007F9022 /* OffsetModifier.swift */,
			);
			path = Modifiers;
			sourceTree = "<group>";
		};
		94C016C52B3CA25E000A0FAE /* View */ = {
			isa = PBXGroup;
			children = (
				9446D3C72B38BA0F0054CFB5 /* LogOutView.swift */,
			);
			path = View;
			sourceTree = "<group>";
		};
		94C016C62B3CA266000A0FAE /* ViewModel */ = {
			isa = PBXGroup;
			children = (
				9446D3CA2B38BA390054CFB5 /* LogOutViewModel.swift */,
			);
			path = ViewModel;
			sourceTree = "<group>";
		};
		94C617EA2B444BDF009F2A6F /* ViewModel */ = {
			isa = PBXGroup;
			children = (
				94C617EB2B444BF5009F2A6F /* AddPostViewModel.swift */,
			);
			path = ViewModel;
			sourceTree = "<group>";
		};
		94CCABE52B03C7AD00DCFB51 /* Components */ = {
			isa = PBXGroup;
			children = (
				94A06AC82B22059400814CD6 /* Modifiers */,
				946DC96F2B1F075D00AD809D /* StructuredView */,
				5C6F523B2B128CB400D79208 /* CategoryFilter */,
				5C26585A2B03C45F008BEB6D /* View */,
			);
			path = Components;
			sourceTree = "<group>";
		};
		94D588E52B03B6FD006327A3 /* Model */ = {
			isa = PBXGroup;
			children = (
				94D588E62B03B70C006327A3 /* User.swift */,
				88A23C092B03B8A80030183A /* Post.swift */,
				889C25332B03CA4200E6074C /* Commnet.swift */,
				884E8CF82B09F2E7001BADDF /* Notification.swift */,
			);
			path = Model;
			sourceTree = "<group>";
		};
/* End PBXGroup section */

/* Begin PBXNativeTarget section */
		5C2658392B03B430008BEB6D /* HaBu */ = {
			isa = PBXNativeTarget;
			buildConfigurationList = 5C2658482B03B431008BEB6D /* Build configuration list for PBXNativeTarget "HaBu" */;
			buildPhases = (
				5C2658362B03B430008BEB6D /* Sources */,
				5C2658372B03B430008BEB6D /* Frameworks */,
				5C2658382B03B430008BEB6D /* Resources */,
			);
			buildRules = (
			);
			dependencies = (
			);
			name = HaBu;
			packageProductDependencies = (
				94CCABE72B03C8C700DCFB51 /* Kingfisher */,
				5C5EB7492B31CC8E001D2370 /* FirebaseAuth */,
				5C5EB7552B31CC8E001D2370 /* FirebaseFirestore */,
				5C5EB7592B31CC8E001D2370 /* FirebaseFirestoreSwift */,
				5C5EB76F2B31CC8E001D2370 /* FirebaseStorage */,
			);
			productName = HaBu;
			productReference = 5C26583A2B03B430008BEB6D /* HaBu.app */;
			productType = "com.apple.product-type.application";
		};
/* End PBXNativeTarget section */

/* Begin PBXProject section */
		5C2658322B03B430008BEB6D /* Project object */ = {
			isa = PBXProject;
			attributes = {
				BuildIndependentTargetsInParallel = 1;
				LastSwiftUpdateCheck = 1500;
				LastUpgradeCheck = 1500;
				TargetAttributes = {
					5C2658392B03B430008BEB6D = {
						CreatedOnToolsVersion = 15.0;
					};
				};
			};
			buildConfigurationList = 5C2658352B03B430008BEB6D /* Build configuration list for PBXProject "HaBu" */;
			compatibilityVersion = "Xcode 14.0";
			developmentRegion = en;
			hasScannedForEncodings = 0;
			knownRegions = (
				en,
				Base,
			);
			mainGroup = 5C2658312B03B430008BEB6D;
			packageReferences = (
				94CCABE62B03C8C700DCFB51 /* XCRemoteSwiftPackageReference "Kingfisher" */,
				5C5EB73C2B31CC8E001D2370 /* XCRemoteSwiftPackageReference "firebase-ios-sdk" */,
			);
			productRefGroup = 5C26583B2B03B430008BEB6D /* Products */;
			projectDirPath = "";
			projectRoot = "";
			targets = (
				5C2658392B03B430008BEB6D /* HaBu */,
			);
		};
/* End PBXProject section */

/* Begin PBXResourcesBuildPhase section */
		5C2658382B03B430008BEB6D /* Resources */ = {
			isa = PBXResourcesBuildPhase;
			buildActionMask = 2147483647;
			files = (
				5C0B721B2B2D660F00555AD2 /* Kodchasan-Bold.ttf in Resources */,
				5C2658452B03B431008BEB6D /* Preview Assets.xcassets in Resources */,
				5C5EB7742B31CCB7001D2370 /* GoogleService-Info.plist in Resources */,
				5C2DAB4B2B050D1C00C6E145 /* IrishGrover-Regular.ttf in Resources */,
				5C2658422B03B431008BEB6D /* Assets.xcassets in Resources */,
			);
			runOnlyForDeploymentPostprocessing = 0;
		};
/* End PBXResourcesBuildPhase section */

/* Begin PBXSourcesBuildPhase section */
		5C2658362B03B430008BEB6D /* Sources */ = {
			isa = PBXSourcesBuildPhase;
			buildActionMask = 2147483647;
			files = (
				5CD5534A2B1CC61E0070F102 /* RankView.swift in Sources */,
				9411AA882B04E9C70042A354 /* CheckBoxView.swift in Sources */,
				9411AA8A2B04F4900042A354 /* ImageManager.swift in Sources */,
				9439A8872B3245F4005D0E20 /* RegisterViewModal.swift in Sources */,
				9465F9652B34DE0D00F25235 /* ErrorMessage.swift in Sources */,
				5C6F523D2B128CC700D79208 /* CategoryFilterBottomSheet.swift in Sources */,
				94808CD42B0CE63000CC51FD /* AddImageBottomSheet.swift in Sources */,
				883CD0732B20E04200E0B757 /* FeedBackSuccess.swift in Sources */,
				948338622B1DC0ED006964BB /* TextFields.swift in Sources */,
				94686A0F2B3980950089C7CD /* RegisterView.swift in Sources */,
				947079A42B1BCE500005C4CB /* AgreementView.swift in Sources */,
				9411AA8E2B0510F80042A354 /* CustomImage.swift in Sources */,
				943FB8E22B063701009C55C6 /* ForgotPasswordCodeBottomSheet.swift in Sources */,
				5C1686232B1A218200A20636 /* Buttons.swift in Sources */,
				5C26585C2B03C4A1008BEB6D /* FeedView.swift in Sources */,
				9439A88E2B32F19F005D0E20 /* BlockedUsersViewModal.swift in Sources */,
				9452D2FE2B1C724A005E2A3B /* DeleteAccountCodeView.swift in Sources */,
				5C2DAB592B05238B00C6E145 /* CommentBottomSheet.swift in Sources */,
				943FB8E42B06374A009C55C6 /* ForgotPasswordCreatePasswordBottomSheet.swift in Sources */,
				5C2DAB572B050FC500C6E145 /* NotificationView.swift in Sources */,
				9465F96F2B34E4B600F25235 /* ChangePasswordViewModel.swift in Sources */,
				943B9CE42B06912500067376 /* LikesListTile.swift in Sources */,
				5C8792DE2B2FB967007D288E /* Toast.swift in Sources */,
				94CCABE42B03C7A500DCFB51 /* CircleProfileImage.swift in Sources */,
				5CB8E8F32B37361B00EC04B3 /* ImageUploader.swift in Sources */,
				5C4133BD2B04A7AD006F29AF /* FeedViewCell.swift in Sources */,
				5C2DAB5D2B052AE100C6E145 /* IGTextFieldModifier.swift in Sources */,
				94C617EC2B444BF5009F2A6F /* AddPostViewModel.swift in Sources */,
				947079A62B1BD1850005C4CB /* CustomSettingsTollBar.swift in Sources */,
				943FB8E02B0632BA009C55C6 /* ForgotPasswordMailBottomSheet.swift in Sources */,
				943B9CE22B068F0E00067376 /* LikesView.swift in Sources */,
				88D69F562B1B3DB3005BE291 /* SearchItem.swift in Sources */,
				88D69F5C2B1B5B87005BE291 /* SearchItem2.swift in Sources */,
				9446D3C82B38BA0F0054CFB5 /* LogOutView.swift in Sources */,
				5C2658402B03B430008BEB6D /* ContentView.swift in Sources */,
				5CA6AC4C2B34A4AB00EA294E /* ProfileViewModel.swift in Sources */,
				94BCDEB12B0E2DEF00785CBE /* IconManager.swift in Sources */,
				949016E02B041EBD00164405 /* InfoView.swift in Sources */,
				9439A8832B322F28005D0E20 /* AuthService.swift in Sources */,
				5C2DAB532B050F7900C6E145 /* SerachView.swift in Sources */,
				9439A8812B32180B005D0E20 /* LoginViewModal.swift in Sources */,
				9465F96A2B34E09E00F25235 /* DeleteAccountViewModel.swift in Sources */,
				94A06ACA2B22124000814CD6 /* RectangleBlurModifier.swift in Sources */,
				5CE5AB9A2B056BDC00502D9F /* ProfileView.swift in Sources */,
				944C97A42B1B4240005F8E96 /* AddPostView.swift in Sources */,
				5C26583E2B03B430008BEB6D /* HaBuApp.swift in Sources */,
				9452D3022B1C8970005E2A3B /* ChangePasswordSuccessView.swift in Sources */,
				889C25342B03CA4200E6074C /* Commnet.swift in Sources */,
				94D588E72B03B70C006327A3 /* User.swift in Sources */,
				94C617EE2B44594A009F2A6F /* PostService.swift in Sources */,
				9452D2FA2B1C652F005E2A3B /* DeleteAccountPasswordView.swift in Sources */,
				883CD0712B20E03200E0B757 /* FeedBackInput.swift in Sources */,
				88B85B342B06348200D03ED9 /* EditProfileView.swift in Sources */,
				9446D3D32B38C94E0054CFB5 /* SplashView.swift in Sources */,
				5CF151962B1EC2000015BE31 /* NavigationStateManager.swift in Sources */,
				9446D3CB2B38BA390054CFB5 /* LogOutViewModel.swift in Sources */,
				88D69F5A2B1B5B63005BE291 /* SecondSearchView.swift in Sources */,
				5C2658632B03C53C008BEB6D /* Extencion.swift in Sources */,
				5C2DAB4F2B050EE800C6E145 /* TabbarView.swift in Sources */,
				8821E5112B1DDCC1003089B6 /* SearchItem3.swift in Sources */,
				8821E50F2B1DCAFB003089B6 /* SearchBar.swift in Sources */,
				5CD3D3FD2B14CF0F00C4A944 /* SlidableImages.swift in Sources */,
				949016E22B041EF400164405 /* LoginView.swift in Sources */,
				944CD1592B2BB1530074D99D /* SavedPostView.swift in Sources */,
				88A23C0A2B03B8A80030183A /* Post.swift in Sources */,
				94BDAD652B07AA1000F66312 /* BlockedUsersView.swift in Sources */,
				5CBA01932B135144007F9022 /* OffsetModifier.swift in Sources */,
				5C2658602B03C51C008BEB6D /* Const.swift in Sources */,
				5C6F523F2B128CF000D79208 /* TagLayout.swift in Sources */,
				5CE5AB9C2B056D3C00502D9F /* UserInfo.swift in Sources */,
				5C5EB77B2B31D429001D2370 /* EditProfileViewModel.swift in Sources */,
				9452D3002B1C8130005E2A3B /* ChangePasswordView.swift in Sources */,
				947079A12B1B8CE40005C4CB /* SettingsView.swift in Sources */,
				884E8CF92B09F2E7001BADDF /* Notification.swift in Sources */,
				94808CD82B0CE64D00CC51FD /* GenerateImageBox.swift in Sources */,
				9465F9722B34E5B800F25235 /* LikesViewModel.swift in Sources */,
				5C5EB7772B31CF78001D2370 /* UserService.swift in Sources */,
				5C9420952B061402004F9A17 /* ThreeDRotateFeedViewCell.swift in Sources */,
			);
			runOnlyForDeploymentPostprocessing = 0;
		};
/* End PBXSourcesBuildPhase section */

/* Begin XCBuildConfiguration section */
		5C2658462B03B431008BEB6D /* Debug */ = {
			isa = XCBuildConfiguration;
			buildSettings = {
				ALWAYS_SEARCH_USER_PATHS = NO;
				ASSETCATALOG_COMPILER_GENERATE_SWIFT_ASSET_SYMBOL_EXTENSIONS = YES;
				CLANG_ANALYZER_NONNULL = YES;
				CLANG_ANALYZER_NUMBER_OBJECT_CONVERSION = YES_AGGRESSIVE;
				CLANG_CXX_LANGUAGE_STANDARD = "gnu++20";
				CLANG_ENABLE_MODULES = YES;
				CLANG_ENABLE_OBJC_ARC = YES;
				CLANG_ENABLE_OBJC_WEAK = YES;
				CLANG_WARN_BLOCK_CAPTURE_AUTORELEASING = YES;
				CLANG_WARN_BOOL_CONVERSION = YES;
				CLANG_WARN_COMMA = YES;
				CLANG_WARN_CONSTANT_CONVERSION = YES;
				CLANG_WARN_DEPRECATED_OBJC_IMPLEMENTATIONS = YES;
				CLANG_WARN_DIRECT_OBJC_ISA_USAGE = YES_ERROR;
				CLANG_WARN_DOCUMENTATION_COMMENTS = YES;
				CLANG_WARN_EMPTY_BODY = YES;
				CLANG_WARN_ENUM_CONVERSION = YES;
				CLANG_WARN_INFINITE_RECURSION = YES;
				CLANG_WARN_INT_CONVERSION = YES;
				CLANG_WARN_NON_LITERAL_NULL_CONVERSION = YES;
				CLANG_WARN_OBJC_IMPLICIT_RETAIN_SELF = YES;
				CLANG_WARN_OBJC_LITERAL_CONVERSION = YES;
				CLANG_WARN_OBJC_ROOT_CLASS = YES_ERROR;
				CLANG_WARN_QUOTED_INCLUDE_IN_FRAMEWORK_HEADER = YES;
				CLANG_WARN_RANGE_LOOP_ANALYSIS = YES;
				CLANG_WARN_STRICT_PROTOTYPES = YES;
				CLANG_WARN_SUSPICIOUS_MOVE = YES;
				CLANG_WARN_UNGUARDED_AVAILABILITY = YES_AGGRESSIVE;
				CLANG_WARN_UNREACHABLE_CODE = YES;
				CLANG_WARN__DUPLICATE_METHOD_MATCH = YES;
				COPY_PHASE_STRIP = NO;
				DEBUG_INFORMATION_FORMAT = dwarf;
				ENABLE_STRICT_OBJC_MSGSEND = YES;
				ENABLE_TESTABILITY = YES;
				ENABLE_USER_SCRIPT_SANDBOXING = YES;
				GCC_C_LANGUAGE_STANDARD = gnu17;
				GCC_DYNAMIC_NO_PIC = NO;
				GCC_NO_COMMON_BLOCKS = YES;
				GCC_OPTIMIZATION_LEVEL = 0;
				GCC_PREPROCESSOR_DEFINITIONS = (
					"DEBUG=1",
					"$(inherited)",
				);
				GCC_WARN_64_TO_32_BIT_CONVERSION = YES;
				GCC_WARN_ABOUT_RETURN_TYPE = YES_ERROR;
				GCC_WARN_UNDECLARED_SELECTOR = YES;
				GCC_WARN_UNINITIALIZED_AUTOS = YES_AGGRESSIVE;
				GCC_WARN_UNUSED_FUNCTION = YES;
				GCC_WARN_UNUSED_VARIABLE = YES;
				IPHONEOS_DEPLOYMENT_TARGET = 16.0;
				LOCALIZATION_PREFERS_STRING_CATALOGS = YES;
				MTL_ENABLE_DEBUG_INFO = INCLUDE_SOURCE;
				MTL_FAST_MATH = YES;
				ONLY_ACTIVE_ARCH = YES;
				SDKROOT = iphoneos;
				SWIFT_ACTIVE_COMPILATION_CONDITIONS = "DEBUG $(inherited)";
				SWIFT_OPTIMIZATION_LEVEL = "-Onone";
			};
			name = Debug;
		};
		5C2658472B03B431008BEB6D /* Release */ = {
			isa = XCBuildConfiguration;
			buildSettings = {
				ALWAYS_SEARCH_USER_PATHS = NO;
				ASSETCATALOG_COMPILER_GENERATE_SWIFT_ASSET_SYMBOL_EXTENSIONS = YES;
				CLANG_ANALYZER_NONNULL = YES;
				CLANG_ANALYZER_NUMBER_OBJECT_CONVERSION = YES_AGGRESSIVE;
				CLANG_CXX_LANGUAGE_STANDARD = "gnu++20";
				CLANG_ENABLE_MODULES = YES;
				CLANG_ENABLE_OBJC_ARC = YES;
				CLANG_ENABLE_OBJC_WEAK = YES;
				CLANG_WARN_BLOCK_CAPTURE_AUTORELEASING = YES;
				CLANG_WARN_BOOL_CONVERSION = YES;
				CLANG_WARN_COMMA = YES;
				CLANG_WARN_CONSTANT_CONVERSION = YES;
				CLANG_WARN_DEPRECATED_OBJC_IMPLEMENTATIONS = YES;
				CLANG_WARN_DIRECT_OBJC_ISA_USAGE = YES_ERROR;
				CLANG_WARN_DOCUMENTATION_COMMENTS = YES;
				CLANG_WARN_EMPTY_BODY = YES;
				CLANG_WARN_ENUM_CONVERSION = YES;
				CLANG_WARN_INFINITE_RECURSION = YES;
				CLANG_WARN_INT_CONVERSION = YES;
				CLANG_WARN_NON_LITERAL_NULL_CONVERSION = YES;
				CLANG_WARN_OBJC_IMPLICIT_RETAIN_SELF = YES;
				CLANG_WARN_OBJC_LITERAL_CONVERSION = YES;
				CLANG_WARN_OBJC_ROOT_CLASS = YES_ERROR;
				CLANG_WARN_QUOTED_INCLUDE_IN_FRAMEWORK_HEADER = YES;
				CLANG_WARN_RANGE_LOOP_ANALYSIS = YES;
				CLANG_WARN_STRICT_PROTOTYPES = YES;
				CLANG_WARN_SUSPICIOUS_MOVE = YES;
				CLANG_WARN_UNGUARDED_AVAILABILITY = YES_AGGRESSIVE;
				CLANG_WARN_UNREACHABLE_CODE = YES;
				CLANG_WARN__DUPLICATE_METHOD_MATCH = YES;
				COPY_PHASE_STRIP = NO;
				DEBUG_INFORMATION_FORMAT = "dwarf-with-dsym";
				ENABLE_NS_ASSERTIONS = NO;
				ENABLE_STRICT_OBJC_MSGSEND = YES;
				ENABLE_USER_SCRIPT_SANDBOXING = YES;
				GCC_C_LANGUAGE_STANDARD = gnu17;
				GCC_NO_COMMON_BLOCKS = YES;
				GCC_WARN_64_TO_32_BIT_CONVERSION = YES;
				GCC_WARN_ABOUT_RETURN_TYPE = YES_ERROR;
				GCC_WARN_UNDECLARED_SELECTOR = YES;
				GCC_WARN_UNINITIALIZED_AUTOS = YES_AGGRESSIVE;
				GCC_WARN_UNUSED_FUNCTION = YES;
				GCC_WARN_UNUSED_VARIABLE = YES;
				IPHONEOS_DEPLOYMENT_TARGET = 16.0;
				LOCALIZATION_PREFERS_STRING_CATALOGS = YES;
				MTL_ENABLE_DEBUG_INFO = NO;
				MTL_FAST_MATH = YES;
				SDKROOT = iphoneos;
				SWIFT_COMPILATION_MODE = wholemodule;
				VALIDATE_PRODUCT = YES;
			};
			name = Release;
		};
		5C2658492B03B431008BEB6D /* Debug */ = {
			isa = XCBuildConfiguration;
			buildSettings = {
				ASSETCATALOG_COMPILER_APPICON_NAME = AppIcon;
				ASSETCATALOG_COMPILER_GLOBAL_ACCENT_COLOR_NAME = AccentColor;
				CODE_SIGN_STYLE = Automatic;
				CURRENT_PROJECT_VERSION = 1;
				DEVELOPMENT_ASSET_PATHS = "\"HaBu/Preview Content\"";
				DEVELOPMENT_TEAM = 72DGBQN223;
				ENABLE_PREVIEWS = YES;
				GENERATE_INFOPLIST_FILE = YES;
				INFOPLIST_FILE = HaBu/Info.plist;
				INFOPLIST_KEY_UIApplicationSceneManifest_Generation = YES;
				INFOPLIST_KEY_UIApplicationSupportsIndirectInputEvents = YES;
				INFOPLIST_KEY_UILaunchScreen_Generation = YES;
				INFOPLIST_KEY_UISupportedInterfaceOrientations_iPad = "UIInterfaceOrientationPortrait UIInterfaceOrientationPortraitUpsideDown UIInterfaceOrientationLandscapeLeft UIInterfaceOrientationLandscapeRight";
				INFOPLIST_KEY_UISupportedInterfaceOrientations_iPhone = "UIInterfaceOrientationPortrait UIInterfaceOrientationLandscapeLeft UIInterfaceOrientationLandscapeRight";
				IPHONEOS_DEPLOYMENT_TARGET = 16.0;
				LD_RUNPATH_SEARCH_PATHS = (
					"$(inherited)",
					"@executable_path/Frameworks",
				);
				MARKETING_VERSION = 1.0;
				PRODUCT_BUNDLE_IDENTIFIER = omerErbalta.HaBu;
				PRODUCT_NAME = "$(TARGET_NAME)";
				SWIFT_EMIT_LOC_STRINGS = YES;
				SWIFT_VERSION = 5.0;
				TARGETED_DEVICE_FAMILY = "1,2";
			};
			name = Debug;
		};
		5C26584A2B03B431008BEB6D /* Release */ = {
			isa = XCBuildConfiguration;
			buildSettings = {
				ASSETCATALOG_COMPILER_APPICON_NAME = AppIcon;
				ASSETCATALOG_COMPILER_GLOBAL_ACCENT_COLOR_NAME = AccentColor;
				CODE_SIGN_STYLE = Automatic;
				CURRENT_PROJECT_VERSION = 1;
				DEVELOPMENT_ASSET_PATHS = "\"HaBu/Preview Content\"";
				DEVELOPMENT_TEAM = 72DGBQN223;
				ENABLE_PREVIEWS = YES;
				GENERATE_INFOPLIST_FILE = YES;
				INFOPLIST_FILE = HaBu/Info.plist;
				INFOPLIST_KEY_UIApplicationSceneManifest_Generation = YES;
				INFOPLIST_KEY_UIApplicationSupportsIndirectInputEvents = YES;
				INFOPLIST_KEY_UILaunchScreen_Generation = YES;
				INFOPLIST_KEY_UISupportedInterfaceOrientations_iPad = "UIInterfaceOrientationPortrait UIInterfaceOrientationPortraitUpsideDown UIInterfaceOrientationLandscapeLeft UIInterfaceOrientationLandscapeRight";
				INFOPLIST_KEY_UISupportedInterfaceOrientations_iPhone = "UIInterfaceOrientationPortrait UIInterfaceOrientationLandscapeLeft UIInterfaceOrientationLandscapeRight";
				IPHONEOS_DEPLOYMENT_TARGET = 16.0;
				LD_RUNPATH_SEARCH_PATHS = (
					"$(inherited)",
					"@executable_path/Frameworks",
				);
				MARKETING_VERSION = 1.0;
				PRODUCT_BUNDLE_IDENTIFIER = omerErbalta.HaBu;
				PRODUCT_NAME = "$(TARGET_NAME)";
				SWIFT_EMIT_LOC_STRINGS = YES;
				SWIFT_VERSION = 5.0;
				TARGETED_DEVICE_FAMILY = "1,2";
			};
			name = Release;
		};
/* End XCBuildConfiguration section */

/* Begin XCConfigurationList section */
		5C2658352B03B430008BEB6D /* Build configuration list for PBXProject "HaBu" */ = {
			isa = XCConfigurationList;
			buildConfigurations = (
				5C2658462B03B431008BEB6D /* Debug */,
				5C2658472B03B431008BEB6D /* Release */,
			);
			defaultConfigurationIsVisible = 0;
			defaultConfigurationName = Release;
		};
		5C2658482B03B431008BEB6D /* Build configuration list for PBXNativeTarget "HaBu" */ = {
			isa = XCConfigurationList;
			buildConfigurations = (
				5C2658492B03B431008BEB6D /* Debug */,
				5C26584A2B03B431008BEB6D /* Release */,
			);
			defaultConfigurationIsVisible = 0;
			defaultConfigurationName = Release;
		};
/* End XCConfigurationList section */

/* Begin XCRemoteSwiftPackageReference section */
		5C5EB73C2B31CC8E001D2370 /* XCRemoteSwiftPackageReference "firebase-ios-sdk" */ = {
			isa = XCRemoteSwiftPackageReference;
			repositoryURL = "https://github.com/firebase/firebase-ios-sdk";
			requirement = {
				kind = upToNextMajorVersion;
				minimumVersion = 10.19.1;
			};
		};
		94CCABE62B03C8C700DCFB51 /* XCRemoteSwiftPackageReference "Kingfisher" */ = {
			isa = XCRemoteSwiftPackageReference;
			repositoryURL = "https://github.com/onevcat/Kingfisher.git";
			requirement = {
				kind = upToNextMajorVersion;
				minimumVersion = 7.10.0;
			};
		};
/* End XCRemoteSwiftPackageReference section */

/* Begin XCSwiftPackageProductDependency section */
		5C5EB7492B31CC8E001D2370 /* FirebaseAuth */ = {
			isa = XCSwiftPackageProductDependency;
			package = 5C5EB73C2B31CC8E001D2370 /* XCRemoteSwiftPackageReference "firebase-ios-sdk" */;
			productName = FirebaseAuth;
		};
		5C5EB7552B31CC8E001D2370 /* FirebaseFirestore */ = {
			isa = XCSwiftPackageProductDependency;
			package = 5C5EB73C2B31CC8E001D2370 /* XCRemoteSwiftPackageReference "firebase-ios-sdk" */;
			productName = FirebaseFirestore;
		};
		5C5EB7592B31CC8E001D2370 /* FirebaseFirestoreSwift */ = {
			isa = XCSwiftPackageProductDependency;
			package = 5C5EB73C2B31CC8E001D2370 /* XCRemoteSwiftPackageReference "firebase-ios-sdk" */;
			productName = FirebaseFirestoreSwift;
		};
		5C5EB76F2B31CC8E001D2370 /* FirebaseStorage */ = {
			isa = XCSwiftPackageProductDependency;
			package = 5C5EB73C2B31CC8E001D2370 /* XCRemoteSwiftPackageReference "firebase-ios-sdk" */;
			productName = FirebaseStorage;
		};
		94CCABE72B03C8C700DCFB51 /* Kingfisher */ = {
			isa = XCSwiftPackageProductDependency;
			package = 94CCABE62B03C8C700DCFB51 /* XCRemoteSwiftPackageReference "Kingfisher" */;
			productName = Kingfisher;
		};
/* End XCSwiftPackageProductDependency section */
	};
	rootObject = 5C2658322B03B430008BEB6D /* Project object */;
}
